{
  "name": "psa.test.load",
  "version": "1.0.0",
  "lockfileVersion": 1,
  "requires": true,
  "dependencies": {
    "@types/k6": {
      "version": "0.32.0",
      "resolved": "https://registry.npmjs.org/@types/k6/-/k6-0.32.0.tgz",
      "integrity": "sha512-6/PcFVvJe8stn56j/CulPpFTiPC2h7dvw9Mz1gnk2mGTSm4553nKzf52zHw7c/FMVp7f0TRkjyY/59vSImFYgg==",
      "dev": true
    }
  }
}
