{
  "name": "psa.test.load",
  "version": "1.0.0",
  "lockfileVersion": 1,
  "requires": true,
  "dependencies": {
    "@types/k6": {
      "version": "0.34.1",
      "resolved": "https://registry.npmjs.org/@types/k6/-/k6-0.34.1.tgz",
      "integrity": "sha512-bcxeok7rUxSRmzVWOeHqM/G2FxnHLis6RTPdvcjQdYxbiwky0oQRIbUiqsWHzreX4nr00+LF7R3AYE69MTfNvA==",
      "dev": true
    }
  }
}
