PODS:
  - Capacitor (7.4.2):
    - CapacitorCordova
  - CapacitorApp (7.1.0):
    - Capacitor
  - CapacitorAppLauncher (7.0.2):
    - Capacitor
  - CapacitorBarcodeScanner (2.0.3):
    - Capacitor
    - OSBarcodeLib (~> 1.1.3)
  - CapacitorCamera (7.0.2):
    - Capacitor
  - CapacitorCordova (7.4.2)
  - CapacitorFilesystem (7.1.2):
    - Capacitor
    - IONFilesystemLib (~> 1.0)
  - CapacitorKeyboard (7.0.1):
    - Capacitor
  - CapacitorNetwork (7.0.1):
    - Capacitor
  - CapacitorPreferences (7.0.4):
    - Capacitor
  - CapacitorPushNotifications (7.0.1):
    - Capacitor
  - CapacitorSplashScreen (7.0.1):
    - Capacitor
  - CapacitorStatusBar (7.0.1):
    - Capacitor
  - CapawesomeCapacitorBadge (7.0.1):
    - Capacitor
  - CapawesomeTeamCapacitorFileOpener (7.0.1):
    - Capacitor
  - CordovaPlugins (7.4.2):
    - CapacitorCordova
  - FirebaseCore (11.6.0):
    - FirebaseCoreInternal (~> 11.6.0)
    - GoogleUtilities/Environment (~> 8.0)
    - GoogleUtilities/Logger (~> 8.0)
  - FirebaseCoreInternal (11.6.0):
    - "GoogleUtilities/NSData+zlib (~> 8.0)"
  - FirebaseInstallations (11.6.0):
    - FirebaseCore (~> 11.6.0)
    - GoogleUtilities/Environment (~> 8.0)
    - GoogleUtilities/UserDefaults (~> 8.0)
    - PromisesObjC (~> 2.4)
  - FirebaseMessaging (11.6.0):
    - FirebaseCore (~> 11.6.0)
    - FirebaseInstallations (~> 11.0)
    - GoogleDataTransport (~> 10.0)
    - GoogleUtilities/AppDelegateSwizzler (~> 8.0)
    - GoogleUtilities/Environment (~> 8.0)
    - GoogleUtilities/Reachability (~> 8.0)
    - GoogleUtilities/UserDefaults (~> 8.0)
    - nanopb (~> 3.30910.0)
  - GoogleDataTransport (10.1.0):
    - nanopb (~> 3.30910.0)
    - PromisesObjC (~> 2.4)
  - GoogleUtilities/AppDelegateSwizzler (8.0.2):
    - GoogleUtilities/Environment
    - GoogleUtilities/Logger
    - GoogleUtilities/Network
    - GoogleUtilities/Privacy
  - GoogleUtilities/Environment (8.0.2):
    - GoogleUtilities/Privacy
  - GoogleUtilities/Logger (8.0.2):
    - GoogleUtilities/Environment
    - GoogleUtilities/Privacy
  - GoogleUtilities/Network (8.0.2):
    - GoogleUtilities/Logger
    - "GoogleUtilities/NSData+zlib"
    - GoogleUtilities/Privacy
    - GoogleUtilities/Reachability
  - "GoogleUtilities/NSData+zlib (8.0.2)":
    - GoogleUtilities/Privacy
  - GoogleUtilities/Privacy (8.0.2)
  - GoogleUtilities/Reachability (8.0.2):
    - GoogleUtilities/Logger
    - GoogleUtilities/Privacy
  - GoogleUtilities/UserDefaults (8.0.2):
    - GoogleUtilities/Logger
    - GoogleUtilities/Privacy
  - IONFilesystemLib (1.1.1)
  - nanopb (3.30910.0):
    - nanopb/decode (= 3.30910.0)
    - nanopb/encode (= 3.30910.0)
  - nanopb/decode (3.30910.0)
  - nanopb/encode (3.30910.0)
  - OSBarcodeLib (1.1.3)
  - PromisesObjC (2.4.0)

DEPENDENCIES:
  - "Capacitor (from `../../node_modules/@capacitor/ios`)"
  - "CapacitorApp (from `../../node_modules/@capacitor/app`)"
  - "CapacitorAppLauncher (from `../../node_modules/@capacitor/app-launcher`)"
  - "CapacitorBarcodeScanner (from `../../node_modules/@capacitor/barcode-scanner`)"
  - "CapacitorCamera (from `../../node_modules/@capacitor/camera`)"
  - "CapacitorCordova (from `../../node_modules/@capacitor/ios`)"
  - "CapacitorFilesystem (from `../../node_modules/@capacitor/filesystem`)"
  - "CapacitorKeyboard (from `../../node_modules/@capacitor/keyboard`)"
  - "CapacitorNetwork (from `../../node_modules/@capacitor/network`)"
  - "CapacitorPreferences (from `../../node_modules/@capacitor/preferences`)"
  - "CapacitorPushNotifications (from `../../node_modules/@capacitor/push-notifications`)"
  - "CapacitorSplashScreen (from `../../node_modules/@capacitor/splash-screen`)"
  - "CapacitorStatusBar (from `../../node_modules/@capacitor/status-bar`)"
  - "CapawesomeCapacitorBadge (from `../../node_modules/@capawesome/capacitor-badge`)"
  - "CapawesomeTeamCapacitorFileOpener (from `../../node_modules/@capawesome-team/capacitor-file-opener`)"
  - CordovaPlugins (from `../capacitor-cordova-ios-plugins`)
  - FirebaseMessaging

SPEC REPOS:
  trunk:
    - FirebaseCore
    - FirebaseCoreInternal
    - FirebaseInstallations
    - FirebaseMessaging
    - GoogleDataTransport
    - GoogleUtilities
    - IONFilesystemLib
    - nanopb
    - OSBarcodeLib
    - PromisesObjC

EXTERNAL SOURCES:
  Capacitor:
    :path: "../../node_modules/@capacitor/ios"
  CapacitorApp:
    :path: "../../node_modules/@capacitor/app"
  CapacitorAppLauncher:
    :path: "../../node_modules/@capacitor/app-launcher"
  CapacitorBarcodeScanner:
    :path: "../../node_modules/@capacitor/barcode-scanner"
  CapacitorCamera:
    :path: "../../node_modules/@capacitor/camera"
  CapacitorCordova:
    :path: "../../node_modules/@capacitor/ios"
  CapacitorFilesystem:
    :path: "../../node_modules/@capacitor/filesystem"
  CapacitorKeyboard:
    :path: "../../node_modules/@capacitor/keyboard"
  CapacitorNetwork:
    :path: "../../node_modules/@capacitor/network"
  CapacitorPreferences:
    :path: "../../node_modules/@capacitor/preferences"
  CapacitorPushNotifications:
    :path: "../../node_modules/@capacitor/push-notifications"
  CapacitorSplashScreen:
    :path: "../../node_modules/@capacitor/splash-screen"
  CapacitorStatusBar:
    :path: "../../node_modules/@capacitor/status-bar"
  CapawesomeCapacitorBadge:
    :path: "../../node_modules/@capawesome/capacitor-badge"
  CapawesomeTeamCapacitorFileOpener:
    :path: "../../node_modules/@capawesome-team/capacitor-file-opener"
  CordovaPlugins:
    :path: "../capacitor-cordova-ios-plugins"

SPEC CHECKSUMS:
  Capacitor: 9d9e481b79ffaeacaf7a85d6a11adec32bd33b59
  CapacitorApp: 26587c2ce485d88ddb39adb21cac64f8e481afe3
  CapacitorAppLauncher: b70f649f609bab6412eccdd413bd7f0dd42df4a9
  CapacitorBarcodeScanner: 29c88bf098adb0830975d4f14c107a6bb7722e3d
  CapacitorCamera: f9e54db0a18bb218a8dc360907d63aaefe9209ff
  CapacitorCordova: 5e58d04631bc5094894ac106e2bf1da18a9e6151
  CapacitorFilesystem: 337eeaf16a9fa5a44d2329df411523fa3a9a6ee9
  CapacitorKeyboard: 09fd91dcde4f8a37313e7f11bde553ad1ed52036
  CapacitorNetwork: 15cb4385f0913a8ceb5e9a4d7af1ec554bdb8de8
  CapacitorPreferences: 69d9991307507aeab8ef8019c10b9babfda0e9ca
  CapacitorPushNotifications: 6a2794788c583dd89215f1805ca4bced1b13dbdf
  CapacitorSplashScreen: 1d67815a422a9b61539c94f283c08ed56667c0fc
  CapacitorStatusBar: 6e7af040d8fc4dd655999819625cae9c2d74c36f
  CapawesomeCapacitorBadge: 7fc1fa00c920b88eabb8451ddc92bdc75da2cffa
  CapawesomeTeamCapacitorFileOpener: ae3340a148c8947dda81ed2a8a600988667909b3
  CordovaPlugins: 4cb034a912c3cec74a8ee802d72ecae51888160b
  FirebaseCore: 48b0dd707581cf9c1a1220da68223fb0a562afaa
  FirebaseCoreInternal: d98ab91e2d80a56d7b246856a8885443b302c0c2
  FirebaseInstallations: efc0946fc756e4d22d8113f7c761948120322e8c
  FirebaseMessaging: e1aca1fcc23e8b9eddb0e33f375ff90944623021
  GoogleDataTransport: aae35b7ea0c09004c3797d53c8c41f66f219d6a7
  GoogleUtilities: 26a3abef001b6533cf678d3eb38fd3f614b7872d
  IONFilesystemLib: dfa8706539ac9ab77ccfd6e5b3830ce9b5e57f6c
  nanopb: fad817b59e0457d11a5dfbde799381cd727c1275
  OSBarcodeLib: f2e981270a64faf476cb790864262b29ab8cd68a
  PromisesObjC: f5707f49cb48b9636751c5b2e7d227e43fba9f47

PODFILE CHECKSUM: 2f1d83e2d8e9a444ee48305494eb529fcbfc9764

COCOAPODS: 1.16.2
